// !$*UTF8*$!
{
	archiveVersion = 1;
	classes = {
	};
	objectVersion = 50;
	objects = {

/* Begin PBXBuildFile section */
		8DC79A9625C7EF370032427F /* AppDelegate.m in Sources */ = {isa = PBXBuildFile; fileRef = 8DC79A9525C7EF370032427F /* AppDelegate.m */; };
		8DC79A9925C7EF370032427F /* SceneDelegate.m in Sources */ = {isa = PBXBuildFile; fileRef = 8DC79A9825C7EF370032427F /* SceneDelegate.m */; };
		8DC79A9C25C7EF370032427F /* ViewController.m in Sources */ = {isa = PBXBuildFile; fileRef = 8DC79A9B25C7EF370032427F /* ViewController.m */; };
		8DC79A9F25C7EF370032427F /* Main.storyboard in Resources */ = {isa = PBXBuildFile; fileRef = 8DC79A9D25C7EF370032427F /* Main.storyboard */; };
		8DC79AA125C7EF390032427F /* Assets.xcassets in Resources */ = {isa = PBXBuildFile; fileRef = 8DC79AA025C7EF390032427F /* Assets.xcassets */; };
		8DC79AA425C7EF390032427F /* LaunchScreen.storyboard in Resources */ = {isa = PBXBuildFile; fileRef = 8DC79AA225C7EF390032427F /* LaunchScreen.storyboard */; };
		8DC79AA725C7EF390032427F /* main.m in Sources */ = {isa = PBXBuildFile; fileRef = 8DC79AA625C7EF390032427F /* main.m */; };
		8DC79AB125C7EF390032427F /* JDLiucyNetWorkTestTests.m in Sources */ = {isa = PBXBuildFile; fileRef = 8DC79AB025C7EF390032427F /* JDLiucyNetWorkTestTests.m */; };
		8DC79ABC25C7EF390032427F /* JDLiucyNetWorkTestUITests.m in Sources */ = {isa = PBXBuildFile; fileRef = 8DC79ABB25C7EF390032427F /* JDLiucyNetWorkTestUITests.m */; };
/* End PBXBuildFile section */

/* Begin PBXContainerItemProxy section */
		8DC79AAD25C7EF390032427F /* PBXContainerItemProxy */ = {
			isa = PBXContainerItemProxy;
			containerPortal = 8DC79A8925C7EF370032427F /* Project object */;
			proxyType = 1;
			remoteGlobalIDString = 8DC79A9025C7EF370032427F;
			remoteInfo = JDLiucyNetWorkTest;
		};
		8DC79AB825C7EF390032427F /* PBXContainerItemProxy */ = {
			isa = PBXContainerItemProxy;
			containerPortal = 8DC79A8925C7EF370032427F /* Project object */;
			proxyType = 1;
			remoteGlobalIDString = 8DC79A9025C7EF370032427F;
			remoteInfo = JDLiucyNetWorkTest;
		};
/* End PBXContainerItemProxy section */

/* Begin PBXFileReference section */
		8DC79A9125C7EF370032427F /* JDLiucyNetWorkTest.app */ = {isa = PBXFileReference; explicitFileType = wrapper.application; includeInIndex = 0; path = JDLiucyNetWorkTest.app; sourceTree = BUILT_PRODUCTS_DIR; };
		8DC79A9425C7EF370032427F /* AppDelegate.h */ = {isa = PBXFileReference; lastKnownFileType = sourcecode.c.h; path = AppDelegate.h; sourceTree = "<group>"; };
		8DC79A9525C7EF370032427F /* AppDelegate.m */ = {isa = PBXFileReference; lastKnownFileType = sourcecode.c.objc; path = AppDelegate.m; sourceTree = "<group>"; };
		8DC79A9725C7EF370032427F /* SceneDelegate.h */ = {isa = PBXFileReference; lastKnownFileType = sourcecode.c.h; path = SceneDelegate.h; sourceTree = "<group>"; };
		8DC79A9825C7EF370032427F /* SceneDelegate.m */ = {isa = PBXFileReference; lastKnownFileType = sourcecode.c.objc; path = SceneDelegate.m; sourceTree = "<group>"; };
		8DC79A9A25C7EF370032427F /* ViewController.h */ = {isa = PBXFileReference; lastKnownFileType = sourcecode.c.h; path = ViewController.h; sourceTree = "<group>"; };
		8DC79A9B25C7EF370032427F /* ViewController.m */ = {isa = PBXFileReference; lastKnownFileType = sourcecode.c.objc; path = ViewController.m; sourceTree = "<group>"; };
		8DC79A9E25C7EF370032427F /* Base */ = {isa = PBXFileReference; lastKnownFileType = file.storyboard; name = Base; path = Base.lproj/Main.storyboard; sourceTree = "<group>"; };
		8DC79AA025C7EF390032427F /* Assets.xcassets */ = {isa = PBXFileReference; lastKnownFileType = folder.assetcatalog; path = Assets.xcassets; sourceTree = "<group>"; };
		8DC79AA325C7EF390032427F /* Base */ = {isa = PBXFileReference; lastKnownFileType = file.storyboard; name = Base; path = Base.lproj/LaunchScreen.storyboard; sourceTree = "<group>"; };
		8DC79AA525C7EF390032427F /* Info.plist */ = {isa = PBXFileReference; lastKnownFileType = text.plist.xml; path = Info.plist; sourceTree = "<group>"; };
		8DC79AA625C7EF390032427F /* main.m */ = {isa = PBXFileReference; lastKnownFileType = sourcecode.c.objc; path = main.m; sourceTree = "<group>"; };
		8DC79AAC25C7EF390032427F /* JDLiucyNetWorkTestTests.xctest */ = {isa = PBXFileReference; explicitFileType = wrapper.cfbundle; includeInIndex = 0; path = JDLiucyNetWorkTestTests.xctest; sourceTree = BUILT_PRODUCTS_DIR; };
		8DC79AB025C7EF390032427F /* JDLiucyNetWorkTestTests.m */ = {isa = PBXFileReference; lastKnownFileType = sourcecode.c.objc; path = JDLiucyNetWorkTestTests.m; sourceTree = "<group>"; };
		8DC79AB225C7EF390032427F /* Info.plist */ = {isa = PBXFileReference; lastKnownFileType = text.plist.xml; path = Info.plist; sourceTree = "<group>"; };
		8DC79AB725C7EF390032427F /* JDLiucyNetWorkTestUITests.xctest */ = {isa = PBXFileReference; explicitFileType = wrapper.cfbundle; includeInIndex = 0; path = JDLiucyNetWorkTestUITests.xctest; sourceTree = BUILT_PRODUCTS_DIR; };
		8DC79ABB25C7EF390032427F /* JDLiucyNetWorkTestUITests.m */ = {isa = PBXFileReference; lastKnownFileType = sourcecode.c.objc; path = JDLiucyNetWorkTestUITests.m; sourceTree = "<group>"; };
		8DC79ABD25C7EF390032427F /* Info.plist */ = {isa = PBXFileReference; lastKnownFileType = text.plist.xml; path = Info.plist; sourceTree = "<group>"; };
/* End PBXFileReference section */

/* Begin PBXFrameworksBuildPhase section */
		8DC79A8E25C7EF370032427F /* Frameworks */ = {
			isa = PBXFrameworksBuildPhase;
			buildActionMask = 2147483647;
			files = (
			);
			runOnlyForDeploymentPostprocessing = 0;
		};
		8DC79AA925C7EF390032427F /* Frameworks */ = {
			isa = PBXFrameworksBuildPhase;
			buildActionMask = 2147483647;
			files = (
			);
			runOnlyForDeploymentPostprocessing = 0;
		};
		8DC79AB425C7EF390032427F /* Frameworks */ = {
			isa = PBXFrameworksBuildPhase;
			buildActionMask = 2147483647;
			files = (
			);
			runOnlyForDeploymentPostprocessing = 0;
		};
/* End PBXFrameworksBuildPhase section */

/* Begin PBXGroup section */
		8DC79A8825C7EF370032427F = {
			isa = PBXGroup;
			children = (
				8DC79A9325C7EF370032427F /* JDLiucyNetWorkTest */,
				8DC79AAF25C7EF390032427F /* JDLiucyNetWorkTestTests */,
				8DC79ABA25C7EF390032427F /* JDLiucyNetWorkTestUITests */,
				8DC79A9225C7EF370032427F /* Products */,
			);
			sourceTree = "<group>";
		};
		8DC79A9225C7EF370032427F /* Products */ = {
			isa = PBXGroup;
			children = (
				8DC79A9125C7EF370032427F /* JDLiucyNetWorkTest.app */,
				8DC79AAC25C7EF390032427F /* JDLiucyNetWorkTestTests.xctest */,
				8DC79AB725C7EF390032427F /* JDLiucyNetWorkTestUITests.xctest */,
			);
			name = Products;
			sourceTree = "<group>";
		};
		8DC79A9325C7EF370032427F /* JDLiucyNetWorkTest */ = {
			isa = PBXGroup;
			children = (
				8DC79A9425C7EF370032427F /* AppDelegate.h */,
				8DC79A9525C7EF370032427F /* AppDelegate.m */,
				8DC79A9725C7EF370032427F /* SceneDelegate.h */,
				8DC79A9825C7EF370032427F /* SceneDelegate.m */,
				8DC79A9A25C7EF370032427F /* ViewController.h */,
				8DC79A9B25C7EF370032427F /* ViewController.m */,
				8DC79A9D25C7EF370032427F /* Main.storyboard */,
				8DC79AA025C7EF390032427F /* Assets.xcassets */,
				8DC79AA225C7EF390032427F /* LaunchScreen.storyboard */,
				8DC79AA525C7EF390032427F /* Info.plist */,
				8DC79AA625C7EF390032427F /* main.m */,
			);
			path = JDLiucyNetWorkTest;
			sourceTree = "<group>";
		};
		8DC79AAF25C7EF390032427F /* JDLiucyNetWorkTestTests */ = {
			isa = PBXGroup;
			children = (
				8DC79AB025C7EF390032427F /* JDLiucyNetWorkTestTests.m */,
				8DC79AB225C7EF390032427F /* Info.plist */,
			);
			path = JDLiucyNetWorkTestTests;
			sourceTree = "<group>";
		};
		8DC79ABA25C7EF390032427F /* JDLiucyNetWorkTestUITests */ = {
			isa = PBXGroup;
			children = (
				8DC79ABB25C7EF390032427F /* JDLiucyNetWorkTestUITests.m */,
				8DC79ABD25C7EF390032427F /* Info.plist */,
			);
			path = JDLiucyNetWorkTestUITests;
			sourceTree = "<group>";
		};
/* End PBXGroup section */

/* Begin PBXNativeTarget section */
		8DC79A9025C7EF370032427F /* JDLiucyNetWorkTest */ = {
			isa = PBXNativeTarget;
			buildConfigurationList = 8DC79AC025C7EF390032427F /* Build configuration list for PBXNativeTarget "JDLiucyNetWorkTest" */;
			buildPhases = (
				8DC79A8D25C7EF370032427F /* Sources */,
				8DC79A8E25C7EF370032427F /* Frameworks */,
				8DC79A8F25C7EF370032427F /* Resources */,
			);
			buildRules = (
			);
			dependencies = (
			);
			name = JDLiucyNetWorkTest;
			productName = JDLiucyNetWorkTest;
			productReference = 8DC79A9125C7EF370032427F /* JDLiucyNetWorkTest.app */;
			productType = "com.apple.product-type.application";
		};
		8DC79AAB25C7EF390032427F /* JDLiucyNetWorkTestTests */ = {
			isa = PBXNativeTarget;
			buildConfigurationList = 8DC79AC325C7EF390032427F /* Build configuration list for PBXNativeTarget "JDLiucyNetWorkTestTests" */;
			buildPhases = (
				8DC79AA825C7EF390032427F /* Sources */,
				8DC79AA925C7EF390032427F /* Frameworks */,
				8DC79AAA25C7EF390032427F /* Resources */,
			);
			buildRules = (
			);
			dependencies = (
				8DC79AAE25C7EF390032427F /* PBXTargetDependency */,
			);
			name = JDLiucyNetWorkTestTests;
			productName = JDLiucyNetWorkTestTests;
			productReference = 8DC79AAC25C7EF390032427F /* JDLiucyNetWorkTestTests.xctest */;
			productType = "com.apple.product-type.bundle.unit-test";
		};
		8DC79AB625C7EF390032427F /* JDLiucyNetWorkTestUITests */ = {
			isa = PBXNativeTarget;
			buildConfigurationList = 8DC79AC625C7EF390032427F /* Build configuration list for PBXNativeTarget "JDLiucyNetWorkTestUITests" */;
			buildPhases = (
				8DC79AB325C7EF390032427F /* Sources */,
				8DC79AB425C7EF390032427F /* Frameworks */,
				8DC79AB525C7EF390032427F /* Resources */,
			);
			buildRules = (
			);
			dependencies = (
				8DC79AB925C7EF390032427F /* PBXTargetDependency */,
			);
			name = JDLiucyNetWorkTestUITests;
			productName = JDLiucyNetWorkTestUITests;
			productReference = 8DC79AB725C7EF390032427F /* JDLiucyNetWorkTestUITests.xctest */;
			productType = "com.apple.product-type.bundle.ui-testing";
		};
/* End PBXNativeTarget section */

/* Begin PBXProject section */
		8DC79A8925C7EF370032427F /* Project object */ = {
			isa = PBXProject;
			attributes = {
				LastUpgradeCheck = 1230;
				TargetAttributes = {
					8DC79A9025C7EF370032427F = {
						CreatedOnToolsVersion = 12.3;
					};
					8DC79AAB25C7EF390032427F = {
						CreatedOnToolsVersion = 12.3;
						TestTargetID = 8DC79A9025C7EF370032427F;
					};
					8DC79AB625C7EF390032427F = {
						CreatedOnToolsVersion = 12.3;
						TestTargetID = 8DC79A9025C7EF370032427F;
					};
				};
			};
			buildConfigurationList = 8DC79A8C25C7EF370032427F /* Build configuration list for PBXProject "JDLiucyNetWorkTest" */;
			compatibilityVersion = "Xcode 9.3";
			developmentRegion = en;
			hasScannedForEncodings = 0;
			knownRegions = (
				en,
				Base,
			);
			mainGroup = 8DC79A8825C7EF370032427F;
			productRefGroup = 8DC79A9225C7EF370032427F /* Products */;
			projectDirPath = "";
			projectRoot = "";
			targets = (
				8DC79A9025C7EF370032427F /* JDLiucyNetWorkTest */,
				8DC79AAB25C7EF390032427F /* JDLiucyNetWorkTestTests */,
				8DC79AB625C7EF390032427F /* JDLiucyNetWorkTestUITests */,
			);
		};
/* End PBXProject section */

/* Begin PBXResourcesBuildPhase section */
		8DC79A8F25C7EF370032427F /* Resources */ = {
			isa = PBXResourcesBuildPhase;
			buildActionMask = 2147483647;
			files = (
				8DC79AA425C7EF390032427F /* LaunchScreen.storyboard in Resources */,
				8DC79AA125C7EF390032427F /* Assets.xcassets in Resources */,
				8DC79A9F25C7EF370032427F /* Main.storyboard in Resources */,
			);
			runOnlyForDeploymentPostprocessing = 0;
		};
		8DC79AAA25C7EF390032427F /* Resources */ = {
			isa = PBXResourcesBuildPhase;
			buildActionMask = 2147483647;
			files = (
			);
			runOnlyForDeploymentPostprocessing = 0;
		};
		8DC79AB525C7EF390032427F /* Resources */ = {
			isa = PBXResourcesBuildPhase;
			buildActionMask = 2147483647;
			files = (
			);
			runOnlyForDeploymentPostprocessing = 0;
		};
/* End PBXResourcesBuildPhase section */

/* Begin PBXSourcesBuildPhase section */
		8DC79A8D25C7EF370032427F /* Sources */ = {
			isa = PBXSourcesBuildPhase;
			buildActionMask = 2147483647;
			files = (
				8DC79A9C25C7EF370032427F /* ViewController.m in Sources */,
				8DC79A9625C7EF370032427F /* AppDelegate.m in Sources */,
				8DC79AA725C7EF390032427F /* main.m in Sources */,
				8DC79A9925C7EF370032427F /* SceneDelegate.m in Sources */,
			);
			runOnlyForDeploymentPostprocessing = 0;
		};
		8DC79AA825C7EF390032427F /* Sources */ = {
			isa = PBXSourcesBuildPhase;
			buildActionMask = 2147483647;
			files = (
				8DC79AB125C7EF390032427F /* JDLiucyNetWorkTestTests.m in Sources */,
			);
			runOnlyForDeploymentPostprocessing = 0;
		};
		8DC79AB325C7EF390032427F /* Sources */ = {
			isa = PBXSourcesBuildPhase;
			buildActionMask = 2147483647;
			files = (
				8DC79ABC25C7EF390032427F /* JDLiucyNetWorkTestUITests.m in Sources */,
			);
			runOnlyForDeploymentPostprocessing = 0;
		};
/* End PBXSourcesBuildPhase section */

/* Begin PBXTargetDependency section */
		8DC79AAE25C7EF390032427F /* PBXTargetDependency */ = {
			isa = PBXTargetDependency;
			target = 8DC79A9025C7EF370032427F /* JDLiucyNetWorkTest */;
			targetProxy = 8DC79AAD25C7EF390032427F /* PBXContainerItemProxy */;
		};
		8DC79AB925C7EF390032427F /* PBXTargetDependency */ = {
			isa = PBXTargetDependency;
			target = 8DC79A9025C7EF370032427F /* JDLiucyNetWorkTest */;
			targetProxy = 8DC79AB825C7EF390032427F /* PBXContainerItemProxy */;
		};
/* End PBXTargetDependency section */

/* Begin PBXVariantGroup section */
		8DC79A9D25C7EF370032427F /* Main.storyboard */ = {
			isa = PBXVariantGroup;
			children = (
				8DC79A9E25C7EF370032427F /* Base */,
			);
			name = Main.storyboard;
			sourceTree = "<group>";
		};
		8DC79AA225C7EF390032427F /* LaunchScreen.storyboard */ = {
			isa = PBXVariantGroup;
			children = (
				8DC79AA325C7EF390032427F /* Base */,
			);
			name = LaunchScreen.storyboard;
			sourceTree = "<group>";
		};
/* End PBXVariantGroup section */

/* Begin XCBuildConfiguration section */
		8DC79ABE25C7EF390032427F /* Debug */ = {
			isa = XCBuildConfiguration;
			buildSettings = {
				ALWAYS_SEARCH_USER_PATHS = NO;
				CLANG_ANALYZER_NONNULL = YES;
				CLANG_ANALYZER_NUMBER_OBJECT_CONVERSION = YES_AGGRESSIVE;
				CLANG_CXX_LANGUAGE_STANDARD = "gnu++14";
				CLANG_CXX_LIBRARY = "libc++";
				CLANG_ENABLE_MODULES = YES;
				CLANG_ENABLE_OBJC_ARC = YES;
				CLANG_ENABLE_OBJC_WEAK = YES;
				CLANG_WARN_BLOCK_CAPTURE_AUTORELEASING = YES;
				CLANG_WARN_BOOL_CONVERSION = YES;
				CLANG_WARN_COMMA = YES;
				CLANG_WARN_CONSTANT_CONVERSION = YES;
				CLANG_WARN_DEPRECATED_OBJC_IMPLEMENTATIONS = YES;
				CLANG_WARN_DIRECT_OBJC_ISA_USAGE = YES_ERROR;
				CLANG_WARN_DOCUMENTATION_COMMENTS = YES;
				CLANG_WARN_EMPTY_BODY = YES;
				CLANG_WARN_ENUM_CONVERSION = YES;
				CLANG_WARN_INFINITE_RECURSION = YES;
				CLANG_WARN_INT_CONVERSION = YES;
				CLANG_WARN_NON_LITERAL_NULL_CONVERSION = YES;
				CLANG_WARN_OBJC_IMPLICIT_RETAIN_SELF = YES;
				CLANG_WARN_OBJC_LITERAL_CONVERSION = YES;
				CLANG_WARN_OBJC_ROOT_CLASS = YES_ERROR;
				CLANG_WARN_QUOTED_INCLUDE_IN_FRAMEWORK_HEADER = YES;
				CLANG_WARN_RANGE_LOOP_ANALYSIS = YES;
				CLANG_WARN_STRICT_PROTOTYPES = YES;
				CLANG_WARN_SUSPICIOUS_MOVE = YES;
				CLANG_WARN_UNGUARDED_AVAILABILITY = YES_AGGRESSIVE;
				CLANG_WARN_UNREACHABLE_CODE = YES;
				CLANG_WARN__DUPLICATE_METHOD_MATCH = YES;
				COPY_PHASE_STRIP = NO;
				DEBUG_INFORMATION_FORMAT = dwarf;
				ENABLE_STRICT_OBJC_MSGSEND = YES;
				ENABLE_TESTABILITY = YES;
				GCC_C_LANGUAGE_STANDARD = gnu11;
				GCC_DYNAMIC_NO_PIC = NO;
				GCC_NO_COMMON_BLOCKS = YES;
				GCC_OPTIMIZATION_LEVEL = 0;
				GCC_PREPROCESSOR_DEFINITIONS = (
					"DEBUG=1",
					"$(inherited)",
				);
				GCC_WARN_64_TO_32_BIT_CONVERSION = YES;
				GCC_WARN_ABOUT_RETURN_TYPE = YES_ERROR;
				GCC_WARN_UNDECLARED_SELECTOR = YES;
				GCC_WARN_UNINITIALIZED_AUTOS = YES_AGGRESSIVE;
				GCC_WARN_UNUSED_FUNCTION = YES;
				GCC_WARN_UNUSED_VARIABLE = YES;
				IPHONEOS_DEPLOYMENT_TARGET = 14.3;
				MTL_ENABLE_DEBUG_INFO = INCLUDE_SOURCE;
				MTL_FAST_MATH = YES;
				ONLY_ACTIVE_ARCH = YES;
				SDKROOT = iphoneos;
			};
			name = Debug;
		};
		8DC79ABF25C7EF390032427F /* Release */ = {
			isa = XCBuildConfiguration;
			buildSettings = {
				ALWAYS_SEARCH_USER_PATHS = NO;
				CLANG_ANALYZER_NONNULL = YES;
				CLANG_ANALYZER_NUMBER_OBJECT_CONVERSION = YES_AGGRESSIVE;
				CLANG_CXX_LANGUAGE_STANDARD = "gnu++14";
				CLANG_CXX_LIBRARY = "libc++";
				CLANG_ENABLE_MODULES = YES;
				CLANG_ENABLE_OBJC_ARC = YES;
				CLANG_ENABLE_OBJC_WEAK = YES;
				CLANG_WARN_BLOCK_CAPTURE_AUTORELEASING = YES;
				CLANG_WARN_BOOL_CONVERSION = YES;
				CLANG_WARN_COMMA = YES;
				CLANG_WARN_CONSTANT_CONVERSION = YES;
				CLANG_WARN_DEPRECATED_OBJC_IMPLEMENTATIONS = YES;
				CLANG_WARN_DIRECT_OBJC_ISA_USAGE = YES_ERROR;
				CLANG_WARN_DOCUMENTATION_COMMENTS = YES;
				CLANG_WARN_EMPTY_BODY = YES;
				CLANG_WARN_ENUM_CONVERSION = YES;
				CLANG_WARN_INFINITE_RECURSION = YES;
				CLANG_WARN_INT_CONVERSION = YES;
				CLANG_WARN_NON_LITERAL_NULL_CONVERSION = YES;
				CLANG_WARN_OBJC_IMPLICIT_RETAIN_SELF = YES;
				CLANG_WARN_OBJC_LITERAL_CONVERSION = YES;
				CLANG_WARN_OBJC_ROOT_CLASS = YES_ERROR;
				CLANG_WARN_QUOTED_INCLUDE_IN_FRAMEWORK_HEADER = YES;
				CLANG_WARN_RANGE_LOOP_ANALYSIS = YES;
				CLANG_WARN_STRICT_PROTOTYPES = YES;
				CLANG_WARN_SUSPICIOUS_MOVE = YES;
				CLANG_WARN_UNGUARDED_AVAILABILITY = YES_AGGRESSIVE;
				CLANG_WARN_UNREACHABLE_CODE = YES;
				CLANG_WARN__DUPLICATE_METHOD_MATCH = YES;
				COPY_PHASE_STRIP = NO;
				DEBUG_INFORMATION_FORMAT = "dwarf-with-dsym";
				ENABLE_NS_ASSERTIONS = NO;
				ENABLE_STRICT_OBJC_MSGSEND = YES;
				GCC_C_LANGUAGE_STANDARD = gnu11;
				GCC_NO_COMMON_BLOCKS = YES;
				GCC_WARN_64_TO_32_BIT_CONVERSION = YES;
				GCC_WARN_ABOUT_RETURN_TYPE = YES_ERROR;
				GCC_WARN_UNDECLARED_SELECTOR = YES;
				GCC_WARN_UNINITIALIZED_AUTOS = YES_AGGRESSIVE;
				GCC_WARN_UNUSED_FUNCTION = YES;
				GCC_WARN_UNUSED_VARIABLE = YES;
				IPHONEOS_DEPLOYMENT_TARGET = 14.3;
				MTL_ENABLE_DEBUG_INFO = NO;
				MTL_FAST_MATH = YES;
				SDKROOT = iphoneos;
				VALIDATE_PRODUCT = YES;
			};
			name = Release;
		};
		8DC79AC125C7EF390032427F /* Debug */ = {
			isa = XCBuildConfiguration;
			buildSettings = {
				ASSETCATALOG_COMPILER_APPICON_NAME = AppIcon;
				ASSETCATALOG_COMPILER_GLOBAL_ACCENT_COLOR_NAME = AccentColor;
				CODE_SIGN_STYLE = Automatic;
				INFOPLIST_FILE = JDLiucyNetWorkTest/Info.plist;
				LD_RUNPATH_SEARCH_PATHS = (
					"$(inherited)",
					"@executable_path/Frameworks",
				);
				PRODUCT_BUNDLE_IDENTIFIER = liu.JDLiucyNetWorkTest;
				PRODUCT_NAME = "$(TARGET_NAME)";
				TARGETED_DEVICE_FAMILY = "1,2";
			};
			name = Debug;
		};
		8DC79AC225C7EF390032427F /* Release */ = {
			isa = XCBuildConfiguration;
			buildSettings = {
				ASSETCATALOG_COMPILER_APPICON_NAME = AppIcon;
				ASSETCATALOG_COMPILER_GLOBAL_ACCENT_COLOR_NAME = AccentColor;
				CODE_SIGN_STYLE = Automatic;
				INFOPLIST_FILE = JDLiucyNetWorkTest/Info.plist;
				LD_RUNPATH_SEARCH_PATHS = (
					"$(inherited)",
					"@executable_path/Frameworks",
				);
				PRODUCT_BUNDLE_IDENTIFIER = liu.JDLiucyNetWorkTest;
				PRODUCT_NAME = "$(TARGET_NAME)";
				TARGETED_DEVICE_FAMILY = "1,2";
			};
			name = Release;
		};
		8DC79AC425C7EF390032427F /* Debug */ = {
			isa = XCBuildConfiguration;
			buildSettings = {
				BUNDLE_LOADER = "$(TEST_HOST)";
				CODE_SIGN_STYLE = Automatic;
				INFOPLIST_FILE = JDLiucyNetWorkTestTests/Info.plist;
				IPHONEOS_DEPLOYMENT_TARGET = 14.3;
				LD_RUNPATH_SEARCH_PATHS = (
					"$(inherited)",
					"@executable_path/Frameworks",
					"@loader_path/Frameworks",
				);
				PRODUCT_BUNDLE_IDENTIFIER = liu.JDLiucyNetWorkTestTests;
				PRODUCT_NAME = "$(TARGET_NAME)";
				TARGETED_DEVICE_FAMILY = "1,2";
				TEST_HOST = "$(BUILT_PRODUCTS_DIR)/JDLiucyNetWorkTest.app/JDLiucyNetWorkTest";
			};
			name = Debug;
		};
		8DC79AC525C7EF390032427F /* Release */ = {
			isa = XCBuildConfiguration;
			buildSettings = {
				BUNDLE_LOADER = "$(TEST_HOST)";
				CODE_SIGN_STYLE = Automatic;
				INFOPLIST_FILE = JDLiucyNetWorkTestTests/Info.plist;
				IPHONEOS_DEPLOYMENT_TARGET = 14.3;
				LD_RUNPATH_SEARCH_PATHS = (
					"$(inherited)",
					"@executable_path/Frameworks",
					"@loader_path/Frameworks",
				);
				PRODUCT_BUNDLE_IDENTIFIER = liu.JDLiucyNetWorkTestTests;
				PRODUCT_NAME = "$(TARGET_NAME)";
				TARGETED_DEVICE_FAMILY = "1,2";
				TEST_HOST = "$(BUILT_PRODUCTS_DIR)/JDLiucyNetWorkTest.app/JDLiucyNetWorkTest";
			};
			name = Release;
		};
		8DC79AC725C7EF390032427F /* Debug */ = {
			isa = XCBuildConfiguration;
			buildSettings = {
				CODE_SIGN_STYLE = Automatic;
				INFOPLIST_FILE = JDLiucyNetWorkTestUITests/Info.plist;
				LD_RUNPATH_SEARCH_PATHS = (
					"$(inherited)",
					"@executable_path/Frameworks",
					"@loader_path/Frameworks",
				);
				PRODUCT_BUNDLE_IDENTIFIER = liu.JDLiucyNetWorkTestUITests;
				PRODUCT_NAME = "$(TARGET_NAME)";
				TARGETED_DEVICE_FAMILY = "1,2";
				TEST_TARGET_NAME = JDLiucyNetWorkTest;
			};
			name = Debug;
		};
		8DC79AC825C7EF390032427F /* Release */ = {
			isa = XCBuildConfiguration;
			buildSettings = {
				CODE_SIGN_STYLE = Automatic;
				INFOPLIST_FILE = JDLiucyNetWorkTestUITests/Info.plist;
				LD_RUNPATH_SEARCH_PATHS = (
					"$(inherited)",
					"@executable_path/Frameworks",
					"@loader_path/Frameworks",
				);
				PRODUCT_BUNDLE_IDENTIFIER = liu.JDLiucyNetWorkTestUITests;
				PRODUCT_NAME = "$(TARGET_NAME)";
				TARGETED_DEVICE_FAMILY = "1,2";
				TEST_TARGET_NAME = JDLiucyNetWorkTest;
			};
			name = Release;
		};
/* End XCBuildConfiguration section */

/* Begin XCConfigurationList section */
		8DC79A8C25C7EF370032427F /* Build configuration list for PBXProject "JDLiucyNetWorkTest" */ = {
			isa = XCConfigurationList;
			buildConfigurations = (
				8DC79ABE25C7EF390032427F /* Debug */,
				8DC79ABF25C7EF390032427F /* Release */,
			);
			defaultConfigurationIsVisible = 0;
			defaultConfigurationName = Release;
		};
		8DC79AC025C7EF390032427F /* Build configuration list for PBXNativeTarget "JDLiucyNetWorkTest" */ = {
			isa = XCConfigurationList;
			buildConfigurations = (
				8DC79AC125C7EF390032427F /* Debug */,
				8DC79AC225C7EF390032427F /* Release */,
			);
			defaultConfigurationIsVisible = 0;
			defaultConfigurationName = Release;
		};
		8DC79AC325C7EF390032427F /* Build configuration list for PBXNativeTarget "JDLiucyNetWorkTestTests" */ = {
			isa = XCConfigurationList;
			buildConfigurations = (
				8DC79AC425C7EF390032427F /* Debug */,
				8DC79AC525C7EF390032427F /* Release */,
			);
			defaultConfigurationIsVisible = 0;
			defaultConfigurationName = Release;
		};
		8DC79AC625C7EF390032427F /* Build configuration list for PBXNativeTarget "JDLiucyNetWorkTestUITests" */ = {
			isa = XCConfigurationList;
			buildConfigurations = (
				8DC79AC725C7EF390032427F /* Debug */,
				8DC79AC825C7EF390032427F /* Release */,
			);
			defaultConfigurationIsVisible = 0;
			defaultConfigurationName = Release;
		};
/* End XCConfigurationList section */
	};
	rootObject = 8DC79A8925C7EF370032427F /* Project object */;
}
